
Microsoft Visual Studio Solution File, Format Version 12.00
# Visual Studio Version 17
VisualStudioVersion = 17.14.36623.8 d17.14
MinimumVisualStudioVersion = 10.0.40219.1
Project("{FAE04EC0-301F-11D3-BF4B-00C04F79EFBC}") = "Personnummer", "Personnummer\Personnummer.csproj", "{5CA5B17C-E3C2-4695-8798-13D199D2AD2F}"
EndProject
Project("{FAE04EC0-301F-11D3-BF4B-00C04F79EFBC}") = "Enhetstest", "Enhetstest\Enhetstest.csproj", "{1C59E0BD-6D51-41B1-AE77-3677E9EF4049}"
EndProject
Global
	GlobalSection(SolutionConfigurationPlatforms) = preSolution
		Debug|Any CPU = Debug|Any CPU
		Release|Any CPU = Release|Any CPU
	EndGlobalSection
	GlobalSection(ProjectConfigurationPlatforms) = postSolution
		{5CA5B17C-E3C2-4695-8798-13D199D2AD2F}.Debug|Any CPU.ActiveCfg = Debug|Any CPU
		{5CA5B17C-E3C2-4695-8798-13D199D2AD2F}.Debug|Any CPU.Build.0 = Debug|Any CPU
		{5CA5B17C-E3C2-4695-8798-13D199D2AD2F}.Release|Any CPU.ActiveCfg = Release|Any CPU
		{5CA5B17C-E3C2-4695-8798-13D199D2AD2F}.Release|Any CPU.Build.0 = Release|Any CPU
		{1C59E0BD-6D51-41B1-AE77-3677E9EF4049}.Debug|Any CPU.ActiveCfg = Debug|Any CPU
		{1C59E0BD-6D51-41B1-AE77-3677E9EF4049}.Debug|Any CPU.Build.0 = Debug|Any CPU
		{1C59E0BD-6D51-41B1-AE77-3677E9EF4049}.Release|Any CPU.ActiveCfg = Release|Any CPU
		{1C59E0BD-6D51-41B1-AE77-3677E9EF4049}.Release|Any CPU.Build.0 = Release|Any CPU
	EndGlobalSection
	GlobalSection(SolutionProperties) = preSolution
		HideSolutionNode = FALSE
	EndGlobalSection
	GlobalSection(ExtensibilityGlobals) = postSolution
		SolutionGuid = {2E90A53C-0A41-4FDE-821B-6457B7D314E3}
	EndGlobalSection
EndGlobal
